
Microsoft Visual Studio Solution File, Format Version 12.00
# Visual Studio 15
VisualStudioVersion = 15.0.26124.0
MinimumVisualStudioVersion = 15.0.26124.0
Project("{FAE04EC0-301F-11D3-BF4B-00C04F79EFBC}") = "BlabberApp.Client", "BlabberApp.Client\BlabberApp.Client.csproj", "{AD6B3CF3-FF89-4B1F-8565-88B1BC293F95}"
EndProject
Project("{FAE04EC0-301F-11D3-BF4B-00C04F79EFBC}") = "BlabberApp.DataStore", "BlabberApp.DataStore\BlabberApp.DataStore.csproj", "{08506483-06F7-473C-BC1E-87298311E511}"
EndProject
Project("{FAE04EC0-301F-11D3-BF4B-00C04F79EFBC}") = "BlabberApp.WebApi", "BlabberApp.WebApi\BlabberApp.WebApi.csproj", "{AFED7A98-EBDD-40B6-BD68-B786A0553038}"
EndProject
Project("{FAE04EC0-301F-11D3-BF4B-00C04F79EFBC}") = "BlabberApp.DataStoreTest", "BlabberApp.DataStoreTest\BlabberApp.DataStoreTest.csproj", "{D20FAA2B-7AE9-4E09-AB4E-5614F5A2355C}"
EndProject
Global
	GlobalSection(SolutionConfigurationPlatforms) = preSolution
		Debug|Any CPU = Debug|Any CPU
		Debug|x64 = Debug|x64
		Debug|x86 = Debug|x86
		Release|Any CPU = Release|Any CPU
		Release|x64 = Release|x64
		Release|x86 = Release|x86
	EndGlobalSection
	GlobalSection(SolutionProperties) = preSolution
		HideSolutionNode = FALSE
	EndGlobalSection
	GlobalSection(ProjectConfigurationPlatforms) = postSolution
		{AD6B3CF3-FF89-4B1F-8565-88B1BC293F95}.Debug|Any CPU.ActiveCfg = Debug|Any CPU
		{AD6B3CF3-FF89-4B1F-8565-88B1BC293F95}.Debug|Any CPU.Build.0 = Debug|Any CPU
		{AD6B3CF3-FF89-4B1F-8565-88B1BC293F95}.Debug|x64.ActiveCfg = Debug|Any CPU
		{AD6B3CF3-FF89-4B1F-8565-88B1BC293F95}.Debug|x64.Build.0 = Debug|Any CPU
		{AD6B3CF3-FF89-4B1F-8565-88B1BC293F95}.Debug|x86.ActiveCfg = Debug|Any CPU
		{AD6B3CF3-FF89-4B1F-8565-88B1BC293F95}.Debug|x86.Build.0 = Debug|Any CPU
		{AD6B3CF3-FF89-4B1F-8565-88B1BC293F95}.Release|Any CPU.ActiveCfg = Release|Any CPU
		{AD6B3CF3-FF89-4B1F-8565-88B1BC293F95}.Release|Any CPU.Build.0 = Release|Any CPU
		{AD6B3CF3-FF89-4B1F-8565-88B1BC293F95}.Release|x64.ActiveCfg = Release|Any CPU
		{AD6B3CF3-FF89-4B1F-8565-88B1BC293F95}.Release|x64.Build.0 = Release|Any CPU
		{AD6B3CF3-FF89-4B1F-8565-88B1BC293F95}.Release|x86.ActiveCfg = Release|Any CPU
		{AD6B3CF3-FF89-4B1F-8565-88B1BC293F95}.Release|x86.Build.0 = Release|Any CPU
		{08506483-06F7-473C-BC1E-87298311E511}.Debug|Any CPU.ActiveCfg = Debug|Any CPU
		{08506483-06F7-473C-BC1E-87298311E511}.Debug|Any CPU.Build.0 = Debug|Any CPU
		{08506483-06F7-473C-BC1E-87298311E511}.Debug|x64.ActiveCfg = Debug|Any CPU
		{08506483-06F7-473C-BC1E-87298311E511}.Debug|x64.Build.0 = Debug|Any CPU
		{08506483-06F7-473C-BC1E-87298311E511}.Debug|x86.ActiveCfg = Debug|Any CPU
		{08506483-06F7-473C-BC1E-87298311E511}.Debug|x86.Build.0 = Debug|Any CPU
		{08506483-06F7-473C-BC1E-87298311E511}.Release|Any CPU.ActiveCfg = Release|Any CPU
		{08506483-06F7-473C-BC1E-87298311E511}.Release|Any CPU.Build.0 = Release|Any CPU
		{08506483-06F7-473C-BC1E-87298311E511}.Release|x64.ActiveCfg = Release|Any CPU
		{08506483-06F7-473C-BC1E-87298311E511}.Release|x64.Build.0 = Release|Any CPU
		{08506483-06F7-473C-BC1E-87298311E511}.Release|x86.ActiveCfg = Release|Any CPU
		{08506483-06F7-473C-BC1E-87298311E511}.Release|x86.Build.0 = Release|Any CPU
		{AFED7A98-EBDD-40B6-BD68-B786A0553038}.Debug|Any CPU.ActiveCfg = Debug|Any CPU
		{AFED7A98-EBDD-40B6-BD68-B786A0553038}.Debug|Any CPU.Build.0 = Debug|Any CPU
		{AFED7A98-EBDD-40B6-BD68-B786A0553038}.Debug|x64.ActiveCfg = Debug|Any CPU
		{AFED7A98-EBDD-40B6-BD68-B786A0553038}.Debug|x64.Build.0 = Debug|Any CPU
		{AFED7A98-EBDD-40B6-BD68-B786A0553038}.Debug|x86.ActiveCfg = Debug|Any CPU
		{AFED7A98-EBDD-40B6-BD68-B786A0553038}.Debug|x86.Build.0 = Debug|Any CPU
		{AFED7A98-EBDD-40B6-BD68-B786A0553038}.Release|Any CPU.ActiveCfg = Release|Any CPU
		{AFED7A98-EBDD-40B6-BD68-B786A0553038}.Release|Any CPU.Build.0 = Release|Any CPU
		{AFED7A98-EBDD-40B6-BD68-B786A0553038}.Release|x64.ActiveCfg = Release|Any CPU
		{AFED7A98-EBDD-40B6-BD68-B786A0553038}.Release|x64.Build.0 = Release|Any CPU
		{AFED7A98-EBDD-40B6-BD68-B786A0553038}.Release|x86.ActiveCfg = Release|Any CPU
		{AFED7A98-EBDD-40B6-BD68-B786A0553038}.Release|x86.Build.0 = Release|Any CPU
		{D20FAA2B-7AE9-4E09-AB4E-5614F5A2355C}.Debug|Any CPU.ActiveCfg = Debug|Any CPU
		{D20FAA2B-7AE9-4E09-AB4E-5614F5A2355C}.Debug|Any CPU.Build.0 = Debug|Any CPU
		{D20FAA2B-7AE9-4E09-AB4E-5614F5A2355C}.Debug|x64.ActiveCfg = Debug|Any CPU
		{D20FAA2B-7AE9-4E09-AB4E-5614F5A2355C}.Debug|x64.Build.0 = Debug|Any CPU
		{D20FAA2B-7AE9-4E09-AB4E-5614F5A2355C}.Debug|x86.ActiveCfg = Debug|Any CPU
		{D20FAA2B-7AE9-4E09-AB4E-5614F5A2355C}.Debug|x86.Build.0 = Debug|Any CPU
		{D20FAA2B-7AE9-4E09-AB4E-5614F5A2355C}.Release|Any CPU.ActiveCfg = Release|Any CPU
		{D20FAA2B-7AE9-4E09-AB4E-5614F5A2355C}.Release|Any CPU.Build.0 = Release|Any CPU
		{D20FAA2B-7AE9-4E09-AB4E-5614F5A2355C}.Release|x64.ActiveCfg = Release|Any CPU
		{D20FAA2B-7AE9-4E09-AB4E-5614F5A2355C}.Release|x64.Build.0 = Release|Any CPU
		{D20FAA2B-7AE9-4E09-AB4E-5614F5A2355C}.Release|x86.ActiveCfg = Release|Any CPU
		{D20FAA2B-7AE9-4E09-AB4E-5614F5A2355C}.Release|x86.Build.0 = Release|Any CPU
	EndGlobalSection
EndGlobal
